
Microsoft Visual Studio Solution File, Format Version 12.00
# Visual Studio 2012
Project("{FAE04EC0-301F-11D3-BF4B-00C04F79EFBC}") = "JIT.FactStore", "JIT.FactStore\JIT.FactStore.csproj", "{F1EBD077-F626-4481-B1C5-10A03E4E877E}"
EndProject
Global
	GlobalSection(SolutionConfigurationPlatforms) = preSolution
		Debug|Any CPU = Debug|Any CPU
		Release|Any CPU = Release|Any CPU
	EndGlobalSection
	GlobalSection(ProjectConfigurationPlatforms) = postSolution
		{F1EBD077-F626-4481-B1C5-10A03E4E877E}.Debug|Any CPU.ActiveCfg = Debug|Any CPU
		{F1EBD077-F626-4481-B1C5-10A03E4E877E}.Debug|Any CPU.Build.0 = Debug|Any CPU
		{F1EBD077-F626-4481-B1C5-10A03E4E877E}.Release|Any CPU.ActiveCfg = Release|Any CPU
		{F1EBD077-F626-4481-B1C5-10A03E4E877E}.Release|Any CPU.Build.0 = Release|Any CPU
	EndGlobalSection
	GlobalSection(SolutionProperties) = preSolution
		HideSolutionNode = FALSE
	EndGlobalSection
EndGlobal
